
Microsoft Visual Studio Solution File, Format Version 12.00
# Visual Studio 15
Project("{FAE04EC0-301F-11D3-BF4B-00C04F79EFBC}") = "Assembly-CSharp", "Assembly-CSharp.csproj", "{3AE38686-F0F8-3468-A67C-B3996FF1B115}"
EndProject
Project("{FAE04EC0-301F-11D3-BF4B-00C04F79EFBC}") = "Assembly-CSharp-Editor", "Assembly-CSharp-Editor.csproj", "{7EE175C4-1509-412B-3155-1199D5C3C0EF}"
EndProject
Global
	GlobalSection(SolutionConfigurationPlatforms) = preSolution
		Debug|Any CPU = Debug|Any CPU
		Release|Any CPU = Release|Any CPU
	EndGlobalSection
	GlobalSection(ProjectConfigurationPlatforms) = postSolution
		{3AE38686-F0F8-3468-A67C-B3996FF1B115}.Debug|Any CPU.ActiveCfg = Debug|Any CPU
		{3AE38686-F0F8-3468-A67C-B3996FF1B115}.Debug|Any CPU.Build.0 = Debug|Any CPU
		{3AE38686-F0F8-3468-A67C-B3996FF1B115}.Release|Any CPU.ActiveCfg = Release|Any CPU
		{3AE38686-F0F8-3468-A67C-B3996FF1B115}.Release|Any CPU.Build.0 = Release|Any CPU
		{7EE175C4-1509-412B-3155-1199D5C3C0EF}.Debug|Any CPU.ActiveCfg = Debug|Any CPU
		{7EE175C4-1509-412B-3155-1199D5C3C0EF}.Debug|Any CPU.Build.0 = Debug|Any CPU
		{7EE175C4-1509-412B-3155-1199D5C3C0EF}.Release|Any CPU.ActiveCfg = Release|Any CPU
		{7EE175C4-1509-412B-3155-1199D5C3C0EF}.Release|Any CPU.Build.0 = Release|Any CPU
	EndGlobalSection
	GlobalSection(SolutionProperties) = preSolution
		HideSolutionNode = FALSE
	EndGlobalSection
EndGlobal
